
Microsoft Visual Studio Solution File, Format Version 12.00
# Visual Studio 14
VisualStudioVersion = 14.0.25420.1
MinimumVisualStudioVersion = 10.0.40219.1
Project("{8BC9CEB8-8B4A-11D0-8D11-00A0C91BC942}") = "2017Server", "2017Server\2017Server.vcxproj", "{2B2F6914-BB18-4A0E-96F7-E2619095AC16}"
EndProject
Project("{8BC9CEB8-8B4A-11D0-8D11-00A0C91BC942}") = "IOCPServer_2017", "IOCPServer_2017\IOCPServer_2017.vcxproj", "{01D7A3B2-0990-48BC-B9EA-728D9E5EF561}"
EndProject
Project("{8BC9CEB8-8B4A-11D0-8D11-00A0C91BC942}") = "Lua_2017", "Lua_2017\Lua_2017.vcxproj", "{DFF62402-18CD-4E02-8617-794E1C7602B5}"
EndProject
Project("{8BC9CEB8-8B4A-11D0-8D11-00A0C91BC942}") = "D2D_GameFrameWork", "IOCPClient_2017\D2D_GameFrameWork.vcxproj", "{86C1E497-722F-43F7-81A8-E0B054EC923A}"
EndProject
Global
	GlobalSection(SolutionConfigurationPlatforms) = preSolution
		Debug|x64 = Debug|x64
		Debug|x86 = Debug|x86
		Release|x64 = Release|x64
		Release|x86 = Release|x86
	EndGlobalSection
	GlobalSection(ProjectConfigurationPlatforms) = postSolution
		{2B2F6914-BB18-4A0E-96F7-E2619095AC16}.Debug|x64.ActiveCfg = Debug|x64
		{2B2F6914-BB18-4A0E-96F7-E2619095AC16}.Debug|x64.Build.0 = Debug|x64
		{2B2F6914-BB18-4A0E-96F7-E2619095AC16}.Debug|x86.ActiveCfg = Debug|Win32
		{2B2F6914-BB18-4A0E-96F7-E2619095AC16}.Debug|x86.Build.0 = Debug|Win32
		{2B2F6914-BB18-4A0E-96F7-E2619095AC16}.Release|x64.ActiveCfg = Release|x64
		{2B2F6914-BB18-4A0E-96F7-E2619095AC16}.Release|x64.Build.0 = Release|x64
		{2B2F6914-BB18-4A0E-96F7-E2619095AC16}.Release|x86.ActiveCfg = Release|Win32
		{2B2F6914-BB18-4A0E-96F7-E2619095AC16}.Release|x86.Build.0 = Release|Win32
		{01D7A3B2-0990-48BC-B9EA-728D9E5EF561}.Debug|x64.ActiveCfg = Debug|x64
		{01D7A3B2-0990-48BC-B9EA-728D9E5EF561}.Debug|x64.Build.0 = Debug|x64
		{01D7A3B2-0990-48BC-B9EA-728D9E5EF561}.Debug|x86.ActiveCfg = Debug|Win32
		{01D7A3B2-0990-48BC-B9EA-728D9E5EF561}.Debug|x86.Build.0 = Debug|Win32
		{01D7A3B2-0990-48BC-B9EA-728D9E5EF561}.Release|x64.ActiveCfg = Release|x64
		{01D7A3B2-0990-48BC-B9EA-728D9E5EF561}.Release|x64.Build.0 = Release|x64
		{01D7A3B2-0990-48BC-B9EA-728D9E5EF561}.Release|x86.ActiveCfg = Release|Win32
		{01D7A3B2-0990-48BC-B9EA-728D9E5EF561}.Release|x86.Build.0 = Release|Win32
		{DFF62402-18CD-4E02-8617-794E1C7602B5}.Debug|x64.ActiveCfg = Debug|x64
		{DFF62402-18CD-4E02-8617-794E1C7602B5}.Debug|x64.Build.0 = Debug|x64
		{DFF62402-18CD-4E02-8617-794E1C7602B5}.Debug|x86.ActiveCfg = Debug|Win32
		{DFF62402-18CD-4E02-8617-794E1C7602B5}.Debug|x86.Build.0 = Debug|Win32
		{DFF62402-18CD-4E02-8617-794E1C7602B5}.Release|x64.ActiveCfg = Release|x64
		{DFF62402-18CD-4E02-8617-794E1C7602B5}.Release|x64.Build.0 = Release|x64
		{DFF62402-18CD-4E02-8617-794E1C7602B5}.Release|x86.ActiveCfg = Release|Win32
		{DFF62402-18CD-4E02-8617-794E1C7602B5}.Release|x86.Build.0 = Release|Win32
		{86C1E497-722F-43F7-81A8-E0B054EC923A}.Debug|x64.ActiveCfg = Debug|x64
		{86C1E497-722F-43F7-81A8-E0B054EC923A}.Debug|x64.Build.0 = Debug|x64
		{86C1E497-722F-43F7-81A8-E0B054EC923A}.Debug|x86.ActiveCfg = Debug|Win32
		{86C1E497-722F-43F7-81A8-E0B054EC923A}.Debug|x86.Build.0 = Debug|Win32
		{86C1E497-722F-43F7-81A8-E0B054EC923A}.Release|x64.ActiveCfg = Release|x64
		{86C1E497-722F-43F7-81A8-E0B054EC923A}.Release|x64.Build.0 = Release|x64
		{86C1E497-722F-43F7-81A8-E0B054EC923A}.Release|x86.ActiveCfg = Release|Win32
		{86C1E497-722F-43F7-81A8-E0B054EC923A}.Release|x86.Build.0 = Release|Win32
	EndGlobalSection
	GlobalSection(SolutionProperties) = preSolution
		HideSolutionNode = FALSE
	EndGlobalSection
EndGlobal
