<?xml version="1.0" encoding="utf-8"?>
<Project ToolsVersion="4.0" xmlns="http://schemas.microsoft.com/developer/msbuild/2003">
  <ItemGroup>
    <Filter Include="Source Files">
      <UniqueIdentifier>{4FC737F1-C7A5-4376-A066-2A32D752A2FF}</UniqueIdentifier>
      <Extensions>cpp;c;cc;cxx;def;odl;idl;hpj;bat;asm;asmx</Extensions>
    </Filter>
    <Filter Include="Header Files">
      <UniqueIdentifier>{93995380-89BD-4b04-88EB-625FBE52EBFB}</UniqueIdentifier>
      <Extensions>h;hh;hpp;hxx;hm;inl;inc;xsd</Extensions>
    </Filter>
    <Filter Include="Resource Files">
      <UniqueIdentifier>{67DA6AB6-F800-4c08-8B7A-83BB121AAD01}</UniqueIdentifier>
      <Extensions>rc;ico;cur;bmp;dlg;rc2;rct;bin;rgs;gif;jpg;jpeg;jpe;resx;tiff;tif;png;wav;mfcribbon-ms</Extensions>
    </Filter>
    <Filter Include="Timer">
      <UniqueIdentifier>{7922f8ed-8213-49ac-ae1e-dd75cda56f34}</UniqueIdentifier>
    </Filter>
    <Filter Include="Dump">
      <UniqueIdentifier>{017e6144-671c-4618-a9f0-3b88eceb965e}</UniqueIdentifier>
    </Filter>
    <Filter Include="DB">
      <UniqueIdentifier>{50f11164-a759-4114-bdda-093916d4eff6}</UniqueIdentifier>
    </Filter>
    <Filter Include="Lua">
      <UniqueIdentifier>{0c99463e-bfab-48b9-93fc-c87b083d5345}</UniqueIdentifier>
    </Filter>
  </ItemGroup>
  <ItemGroup>
    <ClInclude Include="protocol.h">
      <Filter>Header Files</Filter>
    </ClInclude>
    <ClInclude Include="lauxlib.h">
      <Filter>Header Files</Filter>
    </ClInclude>
    <ClInclude Include="lua.h">
      <Filter>Header Files</Filter>
    </ClInclude>
    <ClInclude Include="luaconf.h">
      <Filter>Header Files</Filter>
    </ClInclude>
    <ClInclude Include="lualib.h">
      <Filter>Header Files</Filter>
    </ClInclude>
    <ClInclude Include="Util.h">
      <Filter>Header Files</Filter>
    </ClInclude>
    <ClInclude Include="ServerTimer.h">
      <Filter>Timer</Filter>
    </ClInclude>
    <ClInclude Include="MiniDump.h">
      <Filter>Dump</Filter>
    </ClInclude>
    <ClInclude Include="myLua.h">
      <Filter>Lua</Filter>
    </ClInclude>
  </ItemGroup>
  <ItemGroup>
    <ClCompile Include="server_main.cpp">
      <Filter>Source Files</Filter>
    </ClCompile>
    <ClCompile Include="ServerTimer.cpp">
      <Filter>Timer</Filter>
    </ClCompile>
    <ClCompile Include="2016_NPC.cpp">
      <Filter>Source Files</Filter>
    </ClCompile>
    <ClCompile Include="2016_NPC_02.cpp">
      <Filter>Source Files</Filter>
    </ClCompile>
    <ClCompile Include="교수님_server_main.cpp">
      <Filter>Source Files</Filter>
    </ClCompile>
    <ClCompile Include="obdc.cpp">
      <Filter>DB</Filter>
    </ClCompile>
  </ItemGroup>
  <ItemGroup>
    <None Include="monster.lua">
      <Filter>Resource Files</Filter>
    </None>
  </ItemGroup>
  <ItemGroup>
    <Library Include="lua53.lib">
      <Filter>Resource Files</Filter>
    </Library>
  </ItemGroup>
</Project>